
Microsoft Visual Studio Solution File, Format Version 12.00
# Visual Studio 2012
Project("{FAE04EC0-301F-11D3-BF4B-00C04F79EFBC}") = "net.BASS", "net.BASS\net.BASS.csproj", "{AE55080C-C3CC-466E-A01A-6D0EB35880CC}"
EndProject
Global
	GlobalSection(SolutionConfigurationPlatforms) = preSolution
		Debug|Any CPU = Debug|Any CPU
		Release|Any CPU = Release|Any CPU
	EndGlobalSection
	GlobalSection(ProjectConfigurationPlatforms) = postSolution
		{AE55080C-C3CC-466E-A01A-6D0EB35880CC}.Debug|Any CPU.ActiveCfg = Debug|Any CPU
		{AE55080C-C3CC-466E-A01A-6D0EB35880CC}.Debug|Any CPU.Build.0 = Debug|Any CPU
		{AE55080C-C3CC-466E-A01A-6D0EB35880CC}.Release|Any CPU.ActiveCfg = Release|Any CPU
		{AE55080C-C3CC-466E-A01A-6D0EB35880CC}.Release|Any CPU.Build.0 = Release|Any CPU
	EndGlobalSection
	GlobalSection(SolutionProperties) = preSolution
		HideSolutionNode = FALSE
	EndGlobalSection
EndGlobal
